
Microsoft Visual Studio Solution File, Format Version 12.00
# Visual Studio Version 17
VisualStudioVersion = 17.12.35707.178
MinimumVisualStudioVersion = 10.0.40219.1
Project("{FAE04EC0-301F-11D3-BF4B-00C04F79EFBC}") = "Parking_Control_Web", "Parking_Control_Web\Parking_Control_Web.csproj", "{5F61C2FF-396C-4279-82BA-B94574D1CE8C}"
EndProject
Project("{2150E333-8FDC-42A3-9474-1A3956D46DE8}") = "1-UL", "1-UL", "{6A95CCEA-4D4D-4120-BCF0-109488B20B2D}"
EndProject
Project("{2150E333-8FDC-42A3-9474-1A3956D46DE8}") = "2-BL", "2-BL", "{1C8AAAC1-2970-4FAA-BBB9-3D6F8444B603}"
EndProject
Project("{2150E333-8FDC-42A3-9474-1A3956D46DE8}") = "3-DL", "3-DL", "{6C95D15B-8E3C-4300-A83D-880082E1DF4F}"
EndProject
Project("{2150E333-8FDC-42A3-9474-1A3956D46DE8}") = "4-CL", "4-CL", "{165D458B-ED08-4B95-B7E0-953FE9588DA8}"
EndProject
Project("{2150E333-8FDC-42A3-9474-1A3956D46DE8}") = "5-SL", "5-SL", "{CAD6B59A-6E99-4572-B0DE-0CC677AE2F1F}"
EndProject
Project("{FAE04EC0-301F-11D3-BF4B-00C04F79EFBC}") = "Negocio", "Negocio\Negocio.csproj", "{9C96D9E2-DABE-40DC-ABE6-B9ABE004E8D5}"
EndProject
Project("{FAE04EC0-301F-11D3-BF4B-00C04F79EFBC}") = "Datos", "Datos\Datos.csproj", "{BD858B4D-AB6D-48F2-9E39-3AA9F1006E7C}"
EndProject
Project("{FAE04EC0-301F-11D3-BF4B-00C04F79EFBC}") = "Comun", "Comun\Comun.csproj", "{7CC7C09B-B8DD-459B-A4B4-40D46AEF2AC5}"
EndProject
Project("{FAE04EC0-301F-11D3-BF4B-00C04F79EFBC}") = "Servicios", "Servicios\Servicios.csproj", "{DBA42313-C9A4-4C2E-BEB6-A85665609A8E}"
EndProject
Global
	GlobalSection(SolutionConfigurationPlatforms) = preSolution
		Debug|Any CPU = Debug|Any CPU
		Release|Any CPU = Release|Any CPU
	EndGlobalSection
	GlobalSection(ProjectConfigurationPlatforms) = postSolution
		{5F61C2FF-396C-4279-82BA-B94574D1CE8C}.Debug|Any CPU.ActiveCfg = Debug|Any CPU
		{5F61C2FF-396C-4279-82BA-B94574D1CE8C}.Debug|Any CPU.Build.0 = Debug|Any CPU
		{5F61C2FF-396C-4279-82BA-B94574D1CE8C}.Release|Any CPU.ActiveCfg = Release|Any CPU
		{5F61C2FF-396C-4279-82BA-B94574D1CE8C}.Release|Any CPU.Build.0 = Release|Any CPU
		{9C96D9E2-DABE-40DC-ABE6-B9ABE004E8D5}.Debug|Any CPU.ActiveCfg = Debug|Any CPU
		{9C96D9E2-DABE-40DC-ABE6-B9ABE004E8D5}.Debug|Any CPU.Build.0 = Debug|Any CPU
		{9C96D9E2-DABE-40DC-ABE6-B9ABE004E8D5}.Release|Any CPU.ActiveCfg = Release|Any CPU
		{9C96D9E2-DABE-40DC-ABE6-B9ABE004E8D5}.Release|Any CPU.Build.0 = Release|Any CPU
		{BD858B4D-AB6D-48F2-9E39-3AA9F1006E7C}.Debug|Any CPU.ActiveCfg = Debug|Any CPU
		{BD858B4D-AB6D-48F2-9E39-3AA9F1006E7C}.Debug|Any CPU.Build.0 = Debug|Any CPU
		{BD858B4D-AB6D-48F2-9E39-3AA9F1006E7C}.Release|Any CPU.ActiveCfg = Release|Any CPU
		{BD858B4D-AB6D-48F2-9E39-3AA9F1006E7C}.Release|Any CPU.Build.0 = Release|Any CPU
		{7CC7C09B-B8DD-459B-A4B4-40D46AEF2AC5}.Debug|Any CPU.ActiveCfg = Debug|Any CPU
		{7CC7C09B-B8DD-459B-A4B4-40D46AEF2AC5}.Debug|Any CPU.Build.0 = Debug|Any CPU
		{7CC7C09B-B8DD-459B-A4B4-40D46AEF2AC5}.Release|Any CPU.ActiveCfg = Release|Any CPU
		{7CC7C09B-B8DD-459B-A4B4-40D46AEF2AC5}.Release|Any CPU.Build.0 = Release|Any CPU
		{DBA42313-C9A4-4C2E-BEB6-A85665609A8E}.Debug|Any CPU.ActiveCfg = Debug|Any CPU
		{DBA42313-C9A4-4C2E-BEB6-A85665609A8E}.Debug|Any CPU.Build.0 = Debug|Any CPU
		{DBA42313-C9A4-4C2E-BEB6-A85665609A8E}.Release|Any CPU.ActiveCfg = Release|Any CPU
		{DBA42313-C9A4-4C2E-BEB6-A85665609A8E}.Release|Any CPU.Build.0 = Release|Any CPU
	EndGlobalSection
	GlobalSection(SolutionProperties) = preSolution
		HideSolutionNode = FALSE
	EndGlobalSection
	GlobalSection(NestedProjects) = preSolution
		{5F61C2FF-396C-4279-82BA-B94574D1CE8C} = {6A95CCEA-4D4D-4120-BCF0-109488B20B2D}
		{9C96D9E2-DABE-40DC-ABE6-B9ABE004E8D5} = {1C8AAAC1-2970-4FAA-BBB9-3D6F8444B603}
		{BD858B4D-AB6D-48F2-9E39-3AA9F1006E7C} = {6C95D15B-8E3C-4300-A83D-880082E1DF4F}
		{7CC7C09B-B8DD-459B-A4B4-40D46AEF2AC5} = {165D458B-ED08-4B95-B7E0-953FE9588DA8}
		{DBA42313-C9A4-4C2E-BEB6-A85665609A8E} = {CAD6B59A-6E99-4572-B0DE-0CC677AE2F1F}
	EndGlobalSection
EndGlobal
